
Microsoft Visual Studio Solution File, Format Version 12.00
# Visual Studio 15
VisualStudioVersion = 15.0.27703.2026
MinimumVisualStudioVersion = 10.0.40219.1
Project("{FAE04EC0-301F-11D3-BF4B-00C04F79EFBC}") = "LambdaForum", "LambdaForum\LambdaForum.csproj", "{D53E1D4A-27B2-4CA4-8722-B27BD085C63B}"
EndProject
Global
	GlobalSection(SolutionConfigurationPlatforms) = preSolution
		Debug|Any CPU = Debug|Any CPU
		Release|Any CPU = Release|Any CPU
	EndGlobalSection
	GlobalSection(ProjectConfigurationPlatforms) = postSolution
		{D53E1D4A-27B2-4CA4-8722-B27BD085C63B}.Debug|Any CPU.ActiveCfg = Debug|Any CPU
		{D53E1D4A-27B2-4CA4-8722-B27BD085C63B}.Debug|Any CPU.Build.0 = Debug|Any CPU
		{D53E1D4A-27B2-4CA4-8722-B27BD085C63B}.Release|Any CPU.ActiveCfg = Release|Any CPU
		{D53E1D4A-27B2-4CA4-8722-B27BD085C63B}.Release|Any CPU.Build.0 = Release|Any CPU
	EndGlobalSection
	GlobalSection(SolutionProperties) = preSolution
		HideSolutionNode = FALSE
	EndGlobalSection
	GlobalSection(ExtensibilityGlobals) = postSolution
		SolutionGuid = {FD5B3286-E025-4A33-8176-CA88D49192FB}
	EndGlobalSection
EndGlobal
